// !$*UTF8*$!
{
	archiveVersion = 1;
	classes = {
	};
	objectVersion = 46;
	objects = {

/* Begin PBXBuildFile section */
		58883C481E9DD8E0005A332B /* main.m in Sources */ = {isa = PBXBuildFile; fileRef = 58883C471E9DD8E0005A332B /* main.m */; };
		58883C4B1E9DD8E0005A332B /* AppDelegate.m in Sources */ = {isa = PBXBuildFile; fileRef = 58883C4A1E9DD8E0005A332B /* AppDelegate.m */; };
		58883C4E1E9DD8E0005A332B /* ViewController.m in Sources */ = {isa = PBXBuildFile; fileRef = 58883C4D1E9DD8E0005A332B /* ViewController.m */; };
		58883C531E9DD8E0005A332B /* Assets.xcassets in Resources */ = {isa = PBXBuildFile; fileRef = 58883C521E9DD8E0005A332B /* Assets.xcassets */; };
		58883C561E9DD8E0005A332B /* LaunchScreen.storyboard in Resources */ = {isa = PBXBuildFile; fileRef = 58883C541E9DD8E0005A332B /* LaunchScreen.storyboard */; };
		58883C611E9DD8E0005A332B /* ZKCarouselViewDemoTests.m in Sources */ = {isa = PBXBuildFile; fileRef = 58883C601E9DD8E0005A332B /* ZKCarouselViewDemoTests.m */; };
		58883C6C1E9DD8E1005A332B /* ZKCarouselViewDemoUITests.m in Sources */ = {isa = PBXBuildFile; fileRef = 58883C6B1E9DD8E0005A332B /* ZKCarouselViewDemoUITests.m */; };
		58883C7C1E9DF389005A332B /* ZKCarouselView.m in Sources */ = {isa = PBXBuildFile; fileRef = 58883C7B1E9DF389005A332B /* ZKCarouselView.m */; };
		58883C811E9DF4AD005A332B /* UIView+Addition.m in Sources */ = {isa = PBXBuildFile; fileRef = 58883C801E9DF4AD005A332B /* UIView+Addition.m */; };
		58883CAE1E9DF6F4005A332B /* FLAnimatedImageView+WebCache.m in Sources */ = {isa = PBXBuildFile; fileRef = 58883C861E9DF6F4005A332B /* FLAnimatedImageView+WebCache.m */; };
		58883CAF1E9DF6F4005A332B /* MKAnnotationView+WebCache.m in Sources */ = {isa = PBXBuildFile; fileRef = 58883C881E9DF6F4005A332B /* MKAnnotationView+WebCache.m */; };
		58883CB01E9DF6F4005A332B /* NSData+ImageContentType.m in Sources */ = {isa = PBXBuildFile; fileRef = 58883C8A1E9DF6F4005A332B /* NSData+ImageContentType.m */; };
		58883CB11E9DF6F4005A332B /* NSImage+WebCache.m in Sources */ = {isa = PBXBuildFile; fileRef = 58883C8C1E9DF6F4005A332B /* NSImage+WebCache.m */; };
		58883CB21E9DF6F4005A332B /* SDImageCache.m in Sources */ = {isa = PBXBuildFile; fileRef = 58883C8E1E9DF6F4005A332B /* SDImageCache.m */; };
		58883CB31E9DF6F4005A332B /* SDImageCacheConfig.m in Sources */ = {isa = PBXBuildFile; fileRef = 58883C901E9DF6F4005A332B /* SDImageCacheConfig.m */; };
		58883CB41E9DF6F4005A332B /* SDWebImageCompat.m in Sources */ = {isa = PBXBuildFile; fileRef = 58883C921E9DF6F4005A332B /* SDWebImageCompat.m */; };
		58883CB51E9DF6F4005A332B /* SDWebImageDecoder.m in Sources */ = {isa = PBXBuildFile; fileRef = 58883C941E9DF6F4005A332B /* SDWebImageDecoder.m */; };
		58883CB61E9DF6F4005A332B /* SDWebImageDownloader.m in Sources */ = {isa = PBXBuildFile; fileRef = 58883C961E9DF6F4005A332B /* SDWebImageDownloader.m */; };
		58883CB71E9DF6F4005A332B /* SDWebImageDownloaderOperation.m in Sources */ = {isa = PBXBuildFile; fileRef = 58883C981E9DF6F4005A332B /* SDWebImageDownloaderOperation.m */; };
		58883CB81E9DF6F4005A332B /* SDWebImageManager.m in Sources */ = {isa = PBXBuildFile; fileRef = 58883C9A1E9DF6F4005A332B /* SDWebImageManager.m */; };
		58883CB91E9DF6F4005A332B /* SDWebImagePrefetcher.m in Sources */ = {isa = PBXBuildFile; fileRef = 58883C9D1E9DF6F4005A332B /* SDWebImagePrefetcher.m */; };
		58883CBA1E9DF6F4005A332B /* UIButton+WebCache.m in Sources */ = {isa = PBXBuildFile; fileRef = 58883C9F1E9DF6F4005A332B /* UIButton+WebCache.m */; };
		58883CBB1E9DF6F4005A332B /* UIImage+GIF.m in Sources */ = {isa = PBXBuildFile; fileRef = 58883CA11E9DF6F4005A332B /* UIImage+GIF.m */; };
		58883CBC1E9DF6F4005A332B /* UIImage+MultiFormat.m in Sources */ = {isa = PBXBuildFile; fileRef = 58883CA31E9DF6F4005A332B /* UIImage+MultiFormat.m */; };
		58883CBD1E9DF6F4005A332B /* UIImage+WebP.m in Sources */ = {isa = PBXBuildFile; fileRef = 58883CA51E9DF6F4005A332B /* UIImage+WebP.m */; };
		58883CBE1E9DF6F4005A332B /* UIImageView+HighlightedWebCache.m in Sources */ = {isa = PBXBuildFile; fileRef = 58883CA71E9DF6F4005A332B /* UIImageView+HighlightedWebCache.m */; };
		58883CBF1E9DF6F4005A332B /* UIImageView+WebCache.m in Sources */ = {isa = PBXBuildFile; fileRef = 58883CA91E9DF6F4005A332B /* UIImageView+WebCache.m */; };
		58883CC01E9DF6F4005A332B /* UIView+WebCache.m in Sources */ = {isa = PBXBuildFile; fileRef = 58883CAB1E9DF6F4005A332B /* UIView+WebCache.m */; };
		58883CC11E9DF6F4005A332B /* UIView+WebCacheOperation.m in Sources */ = {isa = PBXBuildFile; fileRef = 58883CAD1E9DF6F4005A332B /* UIView+WebCacheOperation.m */; };
		58883CC81E9DF8A5005A332B /* FLAnimatedImage.m in Sources */ = {isa = PBXBuildFile; fileRef = 58883CC41E9DF8A5005A332B /* FLAnimatedImage.m */; };
		58883CC91E9DF8A5005A332B /* FLAnimatedImageView.m in Sources */ = {isa = PBXBuildFile; fileRef = 58883CC61E9DF8A5005A332B /* FLAnimatedImageView.m */; };
		58883CCA1E9DF8A5005A332B /* Info.plist in Resources */ = {isa = PBXBuildFile; fileRef = 58883CC71E9DF8A5005A332B /* Info.plist */; };
		58883CD01E9E41EF005A332B /* UIImage+Common.m in Sources */ = {isa = PBXBuildFile; fileRef = 58883CCF1E9E41EF005A332B /* UIImage+Common.m */; };
		58883CEC1E9E4331005A332B /* Info.plist in Resources */ = {isa = PBXBuildFile; fileRef = 58883CD21E9E4331005A332B /* Info.plist */; };
		58883CED1E9E4331005A332B /* MASCompositeConstraint.m in Sources */ = {isa = PBXBuildFile; fileRef = 58883CD41E9E4331005A332B /* MASCompositeConstraint.m */; };
		58883CEE1E9E4331005A332B /* MASConstraint.m in Sources */ = {isa = PBXBuildFile; fileRef = 58883CD71E9E4331005A332B /* MASConstraint.m */; };
		58883CEF1E9E4331005A332B /* MASConstraintMaker.m in Sources */ = {isa = PBXBuildFile; fileRef = 58883CD91E9E4331005A332B /* MASConstraintMaker.m */; };
		58883CF01E9E4331005A332B /* MASLayoutConstraint.m in Sources */ = {isa = PBXBuildFile; fileRef = 58883CDB1E9E4331005A332B /* MASLayoutConstraint.m */; };
		58883CF11E9E4331005A332B /* MASViewAttribute.m in Sources */ = {isa = PBXBuildFile; fileRef = 58883CDF1E9E4331005A332B /* MASViewAttribute.m */; };
		58883CF21E9E4331005A332B /* MASViewConstraint.m in Sources */ = {isa = PBXBuildFile; fileRef = 58883CE11E9E4331005A332B /* MASViewConstraint.m */; };
		58883CF31E9E4331005A332B /* NSArray+MASAdditions.m in Sources */ = {isa = PBXBuildFile; fileRef = 58883CE31E9E4331005A332B /* NSArray+MASAdditions.m */; };
		58883CF41E9E4331005A332B /* NSLayoutConstraint+MASDebugAdditions.m in Sources */ = {isa = PBXBuildFile; fileRef = 58883CE61E9E4331005A332B /* NSLayoutConstraint+MASDebugAdditions.m */; };
		58883CF51E9E4331005A332B /* View+MASAdditions.m in Sources */ = {isa = PBXBuildFile; fileRef = 58883CE81E9E4331005A332B /* View+MASAdditions.m */; };
		58883CF61E9E4331005A332B /* ViewController+MASAdditions.m in Sources */ = {isa = PBXBuildFile; fileRef = 58883CEB1E9E4331005A332B /* ViewController+MASAdditions.m */; };
/* End PBXBuildFile section */

/* Begin PBXContainerItemProxy section */
		58883C5D1E9DD8E0005A332B /* PBXContainerItemProxy */ = {
			isa = PBXContainerItemProxy;
			containerPortal = 58883C3B1E9DD8E0005A332B /* Project object */;
			proxyType = 1;
			remoteGlobalIDString = 58883C421E9DD8E0005A332B;
			remoteInfo = ZKCarouselViewDemo;
		};
		58883C681E9DD8E0005A332B /* PBXContainerItemProxy */ = {
			isa = PBXContainerItemProxy;
			containerPortal = 58883C3B1E9DD8E0005A332B /* Project object */;
			proxyType = 1;
			remoteGlobalIDString = 58883C421E9DD8E0005A332B;
			remoteInfo = ZKCarouselViewDemo;
		};
/* End PBXContainerItemProxy section */

/* Begin PBXFileReference section */
		58883C431E9DD8E0005A332B /* ZKCarouselViewDemo.app */ = {isa = PBXFileReference; explicitFileType = wrapper.application; includeInIndex = 0; path = ZKCarouselViewDemo.app; sourceTree = BUILT_PRODUCTS_DIR; };
		58883C471E9DD8E0005A332B /* main.m */ = {isa = PBXFileReference; lastKnownFileType = sourcecode.c.objc; path = main.m; sourceTree = "<group>"; };
		58883C491E9DD8E0005A332B /* AppDelegate.h */ = {isa = PBXFileReference; lastKnownFileType = sourcecode.c.h; path = AppDelegate.h; sourceTree = "<group>"; };
		58883C4A1E9DD8E0005A332B /* AppDelegate.m */ = {isa = PBXFileReference; lastKnownFileType = sourcecode.c.objc; path = AppDelegate.m; sourceTree = "<group>"; };
		58883C4C1E9DD8E0005A332B /* ViewController.h */ = {isa = PBXFileReference; lastKnownFileType = sourcecode.c.h; path = ViewController.h; sourceTree = "<group>"; };
		58883C4D1E9DD8E0005A332B /* ViewController.m */ = {isa = PBXFileReference; lastKnownFileType = sourcecode.c.objc; path = ViewController.m; sourceTree = "<group>"; };
		58883C521E9DD8E0005A332B /* Assets.xcassets */ = {isa = PBXFileReference; lastKnownFileType = folder.assetcatalog; path = Assets.xcassets; sourceTree = "<group>"; };
		58883C551E9DD8E0005A332B /* Base */ = {isa = PBXFileReference; lastKnownFileType = file.storyboard; name = Base; path = Base.lproj/LaunchScreen.storyboard; sourceTree = "<group>"; };
		58883C571E9DD8E0005A332B /* Info.plist */ = {isa = PBXFileReference; lastKnownFileType = text.plist.xml; path = Info.plist; sourceTree = "<group>"; };
		58883C5C1E9DD8E0005A332B /* ZKCarouselViewDemoTests.xctest */ = {isa = PBXFileReference; explicitFileType = wrapper.cfbundle; includeInIndex = 0; path = ZKCarouselViewDemoTests.xctest; sourceTree = BUILT_PRODUCTS_DIR; };
		58883C601E9DD8E0005A332B /* ZKCarouselViewDemoTests.m */ = {isa = PBXFileReference; lastKnownFileType = sourcecode.c.objc; path = ZKCarouselViewDemoTests.m; sourceTree = "<group>"; };
		58883C621E9DD8E0005A332B /* Info.plist */ = {isa = PBXFileReference; lastKnownFileType = text.plist.xml; path = Info.plist; sourceTree = "<group>"; };
		58883C671E9DD8E0005A332B /* ZKCarouselViewDemoUITests.xctest */ = {isa = PBXFileReference; explicitFileType = wrapper.cfbundle; includeInIndex = 0; path = ZKCarouselViewDemoUITests.xctest; sourceTree = BUILT_PRODUCTS_DIR; };
		58883C6B1E9DD8E0005A332B /* ZKCarouselViewDemoUITests.m */ = {isa = PBXFileReference; lastKnownFileType = sourcecode.c.objc; path = ZKCarouselViewDemoUITests.m; sourceTree = "<group>"; };
		58883C6D1E9DD8E1005A332B /* Info.plist */ = {isa = PBXFileReference; lastKnownFileType = text.plist.xml; path = Info.plist; sourceTree = "<group>"; };
		58883C7A1E9DF389005A332B /* ZKCarouselView.h */ = {isa = PBXFileReference; fileEncoding = 4; lastKnownFileType = sourcecode.c.h; path = ZKCarouselView.h; sourceTree = "<group>"; };
		58883C7B1E9DF389005A332B /* ZKCarouselView.m */ = {isa = PBXFileReference; fileEncoding = 4; lastKnownFileType = sourcecode.c.objc; path = ZKCarouselView.m; sourceTree = "<group>"; };
		58883C7D1E9DF3D8005A332B /* ZKGlobalHeader.h */ = {isa = PBXFileReference; lastKnownFileType = sourcecode.c.h; path = ZKGlobalHeader.h; sourceTree = "<group>"; };
		58883C7F1E9DF4AD005A332B /* UIView+Addition.h */ = {isa = PBXFileReference; fileEncoding = 4; lastKnownFileType = sourcecode.c.h; path = "UIView+Addition.h"; sourceTree = "<group>"; };
		58883C801E9DF4AD005A332B /* UIView+Addition.m */ = {isa = PBXFileReference; fileEncoding = 4; lastKnownFileType = sourcecode.c.objc; path = "UIView+Addition.m"; sourceTree = "<group>"; };
		58883C851E9DF6F4005A332B /* FLAnimatedImageView+WebCache.h */ = {isa = PBXFileReference; fileEncoding = 4; lastKnownFileType = sourcecode.c.h; path = "FLAnimatedImageView+WebCache.h"; sourceTree = "<group>"; };
		58883C861E9DF6F4005A332B /* FLAnimatedImageView+WebCache.m */ = {isa = PBXFileReference; fileEncoding = 4; lastKnownFileType = sourcecode.c.objc; path = "FLAnimatedImageView+WebCache.m"; sourceTree = "<group>"; };
		58883C871E9DF6F4005A332B /* MKAnnotationView+WebCache.h */ = {isa = PBXFileReference; fileEncoding = 4; lastKnownFileType = sourcecode.c.h; path = "MKAnnotationView+WebCache.h"; sourceTree = "<group>"; };
		58883C881E9DF6F4005A332B /* MKAnnotationView+WebCache.m */ = {isa = PBXFileReference; fileEncoding = 4; lastKnownFileType = sourcecode.c.objc; path = "MKAnnotationView+WebCache.m"; sourceTree = "<group>"; };
		58883C891E9DF6F4005A332B /* NSData+ImageContentType.h */ = {isa = PBXFileReference; fileEncoding = 4; lastKnownFileType = sourcecode.c.h; path = "NSData+ImageContentType.h"; sourceTree = "<group>"; };
		58883C8A1E9DF6F4005A332B /* NSData+ImageContentType.m */ = {isa = PBXFileReference; fileEncoding = 4; lastKnownFileType = sourcecode.c.objc; path = "NSData+ImageContentType.m"; sourceTree = "<group>"; };
		58883C8B1E9DF6F4005A332B /* NSImage+WebCache.h */ = {isa = PBXFileReference; fileEncoding = 4; lastKnownFileType = sourcecode.c.h; path = "NSImage+WebCache.h"; sourceTree = "<group>"; };
		58883C8C1E9DF6F4005A332B /* NSImage+WebCache.m */ = {isa = PBXFileReference; fileEncoding = 4; lastKnownFileType = sourcecode.c.objc; path = "NSImage+WebCache.m"; sourceTree = "<group>"; };
		58883C8D1E9DF6F4005A332B /* SDImageCache.h */ = {isa = PBXFileReference; fileEncoding = 4; lastKnownFileType = sourcecode.c.h; path = SDImageCache.h; sourceTree = "<group>"; };
		58883C8E1E9DF6F4005A332B /* SDImageCache.m */ = {isa = PBXFileReference; fileEncoding = 4; lastKnownFileType = sourcecode.c.objc; path = SDImageCache.m; sourceTree = "<group>"; };
		58883C8F1E9DF6F4005A332B /* SDImageCacheConfig.h */ = {isa = PBXFileReference; fileEncoding = 4; lastKnownFileType = sourcecode.c.h; path = SDImageCacheConfig.h; sourceTree = "<group>"; };
		58883C901E9DF6F4005A332B /* SDImageCacheConfig.m */ = {isa = PBXFileReference; fileEncoding = 4; lastKnownFileType = sourcecode.c.objc; path = SDImageCacheConfig.m; sourceTree = "<group>"; };
		58883C911E9DF6F4005A332B /* SDWebImageCompat.h */ = {isa = PBXFileReference; fileEncoding = 4; lastKnownFileType = sourcecode.c.h; path = SDWebImageCompat.h; sourceTree = "<group>"; };
		58883C921E9DF6F4005A332B /* SDWebImageCompat.m */ = {isa = PBXFileReference; fileEncoding = 4; lastKnownFileType = sourcecode.c.objc; path = SDWebImageCompat.m; sourceTree = "<group>"; };
		58883C931E9DF6F4005A332B /* SDWebImageDecoder.h */ = {isa = PBXFileReference; fileEncoding = 4; lastKnownFileType = sourcecode.c.h; path = SDWebImageDecoder.h; sourceTree = "<group>"; };
		58883C941E9DF6F4005A332B /* SDWebImageDecoder.m */ = {isa = PBXFileReference; fileEncoding = 4; lastKnownFileType = sourcecode.c.objc; path = SDWebImageDecoder.m; sourceTree = "<group>"; };
		58883C951E9DF6F4005A332B /* SDWebImageDownloader.h */ = {isa = PBXFileReference; fileEncoding = 4; lastKnownFileType = sourcecode.c.h; path = SDWebImageDownloader.h; sourceTree = "<group>"; };
		58883C961E9DF6F4005A332B /* SDWebImageDownloader.m */ = {isa = PBXFileReference; fileEncoding = 4; lastKnownFileType = sourcecode.c.objc; path = SDWebImageDownloader.m; sourceTree = "<group>"; };
		58883C971E9DF6F4005A332B /* SDWebImageDownloaderOperation.h */ = {isa = PBXFileReference; fileEncoding = 4; lastKnownFileType = sourcecode.c.h; path = SDWebImageDownloaderOperation.h; sourceTree = "<group>"; };
		58883C981E9DF6F4005A332B /* SDWebImageDownloaderOperation.m */ = {isa = PBXFileReference; fileEncoding = 4; lastKnownFileType = sourcecode.c.objc; path = SDWebImageDownloaderOperation.m; sourceTree = "<group>"; };
		58883C991E9DF6F4005A332B /* SDWebImageManager.h */ = {isa = PBXFileReference; fileEncoding = 4; lastKnownFileType = sourcecode.c.h; path = SDWebImageManager.h; sourceTree = "<group>"; };
		58883C9A1E9DF6F4005A332B /* SDWebImageManager.m */ = {isa = PBXFileReference; fileEncoding = 4; lastKnownFileType = sourcecode.c.objc; path = SDWebImageManager.m; sourceTree = "<group>"; };
		58883C9B1E9DF6F4005A332B /* SDWebImageOperation.h */ = {isa = PBXFileReference; fileEncoding = 4; lastKnownFileType = sourcecode.c.h; path = SDWebImageOperation.h; sourceTree = "<group>"; };
		58883C9C1E9DF6F4005A332B /* SDWebImagePrefetcher.h */ = {isa = PBXFileReference; fileEncoding = 4; lastKnownFileType = sourcecode.c.h; path = SDWebImagePrefetcher.h; sourceTree = "<group>"; };
		58883C9D1E9DF6F4005A332B /* SDWebImagePrefetcher.m */ = {isa = PBXFileReference; fileEncoding = 4; lastKnownFileType = sourcecode.c.objc; path = SDWebImagePrefetcher.m; sourceTree = "<group>"; };
		58883C9E1E9DF6F4005A332B /* UIButton+WebCache.h */ = {isa = PBXFileReference; fileEncoding = 4; lastKnownFileType = sourcecode.c.h; path = "UIButton+WebCache.h"; sourceTree = "<group>"; };
		58883C9F1E9DF6F4005A332B /* UIButton+WebCache.m */ = {isa = PBXFileReference; fileEncoding = 4; lastKnownFileType = sourcecode.c.objc; path = "UIButton+WebCache.m"; sourceTree = "<group>"; };
		58883CA01E9DF6F4005A332B /* UIImage+GIF.h */ = {isa = PBXFileReference; fileEncoding = 4; lastKnownFileType = sourcecode.c.h; path = "UIImage+GIF.h"; sourceTree = "<group>"; };
		58883CA11E9DF6F4005A332B /* UIImage+GIF.m */ = {isa = PBXFileReference; fileEncoding = 4; lastKnownFileType = sourcecode.c.objc; path = "UIImage+GIF.m"; sourceTree = "<group>"; };
		58883CA21E9DF6F4005A332B /* UIImage+MultiFormat.h */ = {isa = PBXFileReference; fileEncoding = 4; lastKnownFileType = sourcecode.c.h; path = "UIImage+MultiFormat.h"; sourceTree = "<group>"; };
		58883CA31E9DF6F4005A332B /* UIImage+MultiFormat.m */ = {isa = PBXFileReference; fileEncoding = 4; lastKnownFileType = sourcecode.c.objc; path = "UIImage+MultiFormat.m"; sourceTree = "<group>"; };
		58883CA41E9DF6F4005A332B /* UIImage+WebP.h */ = {isa = PBXFileReference; fileEncoding = 4; lastKnownFileType = sourcecode.c.h; path = "UIImage+WebP.h"; sourceTree = "<group>"; };
		58883CA51E9DF6F4005A332B /* UIImage+WebP.m */ = {isa = PBXFileReference; fileEncoding = 4; lastKnownFileType = sourcecode.c.objc; path = "UIImage+WebP.m"; sourceTree = "<group>"; };
		58883CA61E9DF6F4005A332B /* UIImageView+HighlightedWebCache.h */ = {isa = PBXFileReference; fileEncoding = 4; lastKnownFileType = sourcecode.c.h; path = "UIImageView+HighlightedWebCache.h"; sourceTree = "<group>"; };
		58883CA71E9DF6F4005A332B /* UIImageView+HighlightedWebCache.m */ = {isa = PBXFileReference; fileEncoding = 4; lastKnownFileType = sourcecode.c.objc; path = "UIImageView+HighlightedWebCache.m"; sourceTree = "<group>"; };
		58883CA81E9DF6F4005A332B /* UIImageView+WebCache.h */ = {isa = PBXFileReference; fileEncoding = 4; lastKnownFileType = sourcecode.c.h; path = "UIImageView+WebCache.h"; sourceTree = "<group>"; };
		58883CA91E9DF6F4005A332B /* UIImageView+WebCache.m */ = {isa = PBXFileReference; fileEncoding = 4; lastKnownFileType = sourcecode.c.objc; path = "UIImageView+WebCache.m"; sourceTree = "<group>"; };
		58883CAA1E9DF6F4005A332B /* UIView+WebCache.h */ = {isa = PBXFileReference; fileEncoding = 4; lastKnownFileType = sourcecode.c.h; path = "UIView+WebCache.h"; sourceTree = "<group>"; };
		58883CAB1E9DF6F4005A332B /* UIView+WebCache.m */ = {isa = PBXFileReference; fileEncoding = 4; lastKnownFileType = sourcecode.c.objc; path = "UIView+WebCache.m"; sourceTree = "<group>"; };
		58883CAC1E9DF6F4005A332B /* UIView+WebCacheOperation.h */ = {isa = PBXFileReference; fileEncoding = 4; lastKnownFileType = sourcecode.c.h; path = "UIView+WebCacheOperation.h"; sourceTree = "<group>"; };
		58883CAD1E9DF6F4005A332B /* UIView+WebCacheOperation.m */ = {isa = PBXFileReference; fileEncoding = 4; lastKnownFileType = sourcecode.c.objc; path = "UIView+WebCacheOperation.m"; sourceTree = "<group>"; };
		58883CC31E9DF8A5005A332B /* FLAnimatedImage.h */ = {isa = PBXFileReference; fileEncoding = 4; lastKnownFileType = sourcecode.c.h; path = FLAnimatedImage.h; sourceTree = "<group>"; };
		58883CC41E9DF8A5005A332B /* FLAnimatedImage.m */ = {isa = PBXFileReference; fileEncoding = 4; lastKnownFileType = sourcecode.c.objc; path = FLAnimatedImage.m; sourceTree = "<group>"; };
		58883CC51E9DF8A5005A332B /* FLAnimatedImageView.h */ = {isa = PBXFileReference; fileEncoding = 4; lastKnownFileType = sourcecode.c.h; path = FLAnimatedImageView.h; sourceTree = "<group>"; };
		58883CC61E9DF8A5005A332B /* FLAnimatedImageView.m */ = {isa = PBXFileReference; fileEncoding = 4; lastKnownFileType = sourcecode.c.objc; path = FLAnimatedImageView.m; sourceTree = "<group>"; };
		58883CC71E9DF8A5005A332B /* Info.plist */ = {isa = PBXFileReference; fileEncoding = 4; lastKnownFileType = text.plist.xml; path = Info.plist; sourceTree = "<group>"; };
		58883CCE1E9E41EF005A332B /* UIImage+Common.h */ = {isa = PBXFileReference; fileEncoding = 4; lastKnownFileType = sourcecode.c.h; path = "UIImage+Common.h"; sourceTree = "<group>"; };
		58883CCF1E9E41EF005A332B /* UIImage+Common.m */ = {isa = PBXFileReference; fileEncoding = 4; lastKnownFileType = sourcecode.c.objc; path = "UIImage+Common.m"; sourceTree = "<group>"; };
		58883CD21E9E4331005A332B /* Info.plist */ = {isa = PBXFileReference; fileEncoding = 4; lastKnownFileType = text.plist.xml; path = Info.plist; sourceTree = "<group>"; };
		58883CD31E9E4331005A332B /* MASCompositeConstraint.h */ = {isa = PBXFileReference; fileEncoding = 4; lastKnownFileType = sourcecode.c.h; path = MASCompositeConstraint.h; sourceTree = "<group>"; };
		58883CD41E9E4331005A332B /* MASCompositeConstraint.m */ = {isa = PBXFileReference; fileEncoding = 4; lastKnownFileType = sourcecode.c.objc; path = MASCompositeConstraint.m; sourceTree = "<group>"; };
		58883CD51E9E4331005A332B /* MASConstraint+Private.h */ = {isa = PBXFileReference; fileEncoding = 4; lastKnownFileType = sourcecode.c.h; path = "MASConstraint+Private.h"; sourceTree = "<group>"; };
		58883CD61E9E4331005A332B /* MASConstraint.h */ = {isa = PBXFileReference; fileEncoding = 4; lastKnownFileType = sourcecode.c.h; path = MASConstraint.h; sourceTree = "<group>"; };
		58883CD71E9E4331005A332B /* MASConstraint.m */ = {isa = PBXFileReference; fileEncoding = 4; lastKnownFileType = sourcecode.c.objc; path = MASConstraint.m; sourceTree = "<group>"; };
		58883CD81E9E4331005A332B /* MASConstraintMaker.h */ = {isa = PBXFileReference; fileEncoding = 4; lastKnownFileType = sourcecode.c.h; path = MASConstraintMaker.h; sourceTree = "<group>"; };
		58883CD91E9E4331005A332B /* MASConstraintMaker.m */ = {isa = PBXFileReference; fileEncoding = 4; lastKnownFileType = sourcecode.c.objc; path = MASConstraintMaker.m; sourceTree = "<group>"; };
		58883CDA1E9E4331005A332B /* MASLayoutConstraint.h */ = {isa = PBXFileReference; fileEncoding = 4; lastKnownFileType = sourcecode.c.h; path = MASLayoutConstraint.h; sourceTree = "<group>"; };
		58883CDB1E9E4331005A332B /* MASLayoutConstraint.m */ = {isa = PBXFileReference; fileEncoding = 4; lastKnownFileType = sourcecode.c.objc; path = MASLayoutConstraint.m; sourceTree = "<group>"; };
		58883CDC1E9E4331005A332B /* Masonry.h */ = {isa = PBXFileReference; fileEncoding = 4; lastKnownFileType = sourcecode.c.h; path = Masonry.h; sourceTree = "<group>"; };
		58883CDD1E9E4331005A332B /* MASUtilities.h */ = {isa = PBXFileReference; fileEncoding = 4; lastKnownFileType = sourcecode.c.h; path = MASUtilities.h; sourceTree = "<group>"; };
		58883CDE1E9E4331005A332B /* MASViewAttribute.h */ = {isa = PBXFileReference; fileEncoding = 4; lastKnownFileType = sourcecode.c.h; path = MASViewAttribute.h; sourceTree = "<group>"; };
		58883CDF1E9E4331005A332B /* MASViewAttribute.m */ = {isa = PBXFileReference; fileEncoding = 4; lastKnownFileType = sourcecode.c.objc; path = MASViewAttribute.m; sourceTree = "<group>"; };
		58883CE01E9E4331005A332B /* MASViewConstraint.h */ = {isa = PBXFileReference; fileEncoding = 4; lastKnownFileType = sourcecode.c.h; path = MASViewConstraint.h; sourceTree = "<group>"; };
		58883CE11E9E4331005A332B /* MASViewConstraint.m */ = {isa = PBXFileReference; fileEncoding = 4; lastKnownFileType = sourcecode.c.objc; path = MASViewConstraint.m; sourceTree = "<group>"; };
		58883CE21E9E4331005A332B /* NSArray+MASAdditions.h */ = {isa = PBXFileReference; fileEncoding = 4; lastKnownFileType = sourcecode.c.h; path = "NSArray+MASAdditions.h"; sourceTree = "<group>"; };
		58883CE31E9E4331005A332B /* NSArray+MASAdditions.m */ = {isa = PBXFileReference; fileEncoding = 4; lastKnownFileType = sourcecode.c.objc; path = "NSArray+MASAdditions.m"; sourceTree = "<group>"; };
		58883CE41E9E4331005A332B /* NSArray+MASShorthandAdditions.h */ = {isa = PBXFileReference; fileEncoding = 4; lastKnownFileType = sourcecode.c.h; path = "NSArray+MASShorthandAdditions.h"; sourceTree = "<group>"; };
		58883CE51E9E4331005A332B /* NSLayoutConstraint+MASDebugAdditions.h */ = {isa = PBXFileReference; fileEncoding = 4; lastKnownFileType = sourcecode.c.h; path = "NSLayoutConstraint+MASDebugAdditions.h"; sourceTree = "<group>"; };
		58883CE61E9E4331005A332B /* NSLayoutConstraint+MASDebugAdditions.m */ = {isa = PBXFileReference; fileEncoding = 4; lastKnownFileType = sourcecode.c.objc; path = "NSLayoutConstraint+MASDebugAdditions.m"; sourceTree = "<group>"; };
		58883CE71E9E4331005A332B /* View+MASAdditions.h */ = {isa = PBXFileReference; fileEncoding = 4; lastKnownFileType = sourcecode.c.h; path = "View+MASAdditions.h"; sourceTree = "<group>"; };
		58883CE81E9E4331005A332B /* View+MASAdditions.m */ = {isa = PBXFileReference; fileEncoding = 4; lastKnownFileType = sourcecode.c.objc; path = "View+MASAdditions.m"; sourceTree = "<group>"; };
		58883CE91E9E4331005A332B /* View+MASShorthandAdditions.h */ = {isa = PBXFileReference; fileEncoding = 4; lastKnownFileType = sourcecode.c.h; path = "View+MASShorthandAdditions.h"; sourceTree = "<group>"; };
		58883CEA1E9E4331005A332B /* ViewController+MASAdditions.h */ = {isa = PBXFileReference; fileEncoding = 4; lastKnownFileType = sourcecode.c.h; path = "ViewController+MASAdditions.h"; sourceTree = "<group>"; };
		58883CEB1E9E4331005A332B /* ViewController+MASAdditions.m */ = {isa = PBXFileReference; fileEncoding = 4; lastKnownFileType = sourcecode.c.objc; path = "ViewController+MASAdditions.m"; sourceTree = "<group>"; };
/* End PBXFileReference section */

/* Begin PBXFrameworksBuildPhase section */
		58883C401E9DD8E0005A332B /* Frameworks */ = {
			isa = PBXFrameworksBuildPhase;
			buildActionMask = 2147483647;
			files = (
			);
			runOnlyForDeploymentPostprocessing = 0;
		};
		58883C591E9DD8E0005A332B /* Frameworks */ = {
			isa = PBXFrameworksBuildPhase;
			buildActionMask = 2147483647;
			files = (
			);
			runOnlyForDeploymentPostprocessing = 0;
		};
		58883C641E9DD8E0005A332B /* Frameworks */ = {
			isa = PBXFrameworksBuildPhase;
			buildActionMask = 2147483647;
			files = (
			);
			runOnlyForDeploymentPostprocessing = 0;
		};
/* End PBXFrameworksBuildPhase section */

/* Begin PBXGroup section */
		58883C3A1E9DD8E0005A332B = {
			isa = PBXGroup;
			children = (
				58883C451E9DD8E0005A332B /* ZKCarouselViewDemo */,
				58883C5F1E9DD8E0005A332B /* ZKCarouselViewDemoTests */,
				58883C6A1E9DD8E0005A332B /* ZKCarouselViewDemoUITests */,
				58883C441E9DD8E0005A332B /* Products */,
			);
			sourceTree = "<group>";
		};
		58883C441E9DD8E0005A332B /* Products */ = {
			isa = PBXGroup;
			children = (
				58883C431E9DD8E0005A332B /* ZKCarouselViewDemo.app */,
				58883C5C1E9DD8E0005A332B /* ZKCarouselViewDemoTests.xctest */,
				58883C671E9DD8E0005A332B /* ZKCarouselViewDemoUITests.xctest */,
			);
			name = Products;
			sourceTree = "<group>";
		};
		58883C451E9DD8E0005A332B /* ZKCarouselViewDemo */ = {
			isa = PBXGroup;
			children = (
				58883C491E9DD8E0005A332B /* AppDelegate.h */,
				58883C4A1E9DD8E0005A332B /* AppDelegate.m */,
				58883C4C1E9DD8E0005A332B /* ViewController.h */,
				58883C4D1E9DD8E0005A332B /* ViewController.m */,
				58883C791E9DF389005A332B /* ZKCarouselView */,
				58883C821E9DF6EB005A332B /* Vendors */,
				58883C461E9DD8E0005A332B /* Supporting Files */,
			);
			path = ZKCarouselViewDemo;
			sourceTree = "<group>";
		};
		58883C461E9DD8E0005A332B /* Supporting Files */ = {
			isa = PBXGroup;
			children = (
				58883C521E9DD8E0005A332B /* Assets.xcassets */,
				58883C541E9DD8E0005A332B /* LaunchScreen.storyboard */,
				58883C571E9DD8E0005A332B /* Info.plist */,
				58883C471E9DD8E0005A332B /* main.m */,
			);
			name = "Supporting Files";
			sourceTree = "<group>";
		};
		58883C5F1E9DD8E0005A332B /* ZKCarouselViewDemoTests */ = {
			isa = PBXGroup;
			children = (
				58883C601E9DD8E0005A332B /* ZKCarouselViewDemoTests.m */,
				58883C621E9DD8E0005A332B /* Info.plist */,
			);
			path = ZKCarouselViewDemoTests;
			sourceTree = "<group>";
		};
		58883C6A1E9DD8E0005A332B /* ZKCarouselViewDemoUITests */ = {
			isa = PBXGroup;
			children = (
				58883C6B1E9DD8E0005A332B /* ZKCarouselViewDemoUITests.m */,
				58883C6D1E9DD8E1005A332B /* Info.plist */,
			);
			path = ZKCarouselViewDemoUITests;
			sourceTree = "<group>";
		};
		58883C791E9DF389005A332B /* ZKCarouselView */ = {
			isa = PBXGroup;
			children = (
				58883C7E1E9DF4AD005A332B /* support */,
				58883C7D1E9DF3D8005A332B /* ZKGlobalHeader.h */,
				58883C7A1E9DF389005A332B /* ZKCarouselView.h */,
				58883C7B1E9DF389005A332B /* ZKCarouselView.m */,
			);
			path = ZKCarouselView;
			sourceTree = "<group>";
		};
		58883C7E1E9DF4AD005A332B /* support */ = {
			isa = PBXGroup;
			children = (
				58883CCE1E9E41EF005A332B /* UIImage+Common.h */,
				58883CCF1E9E41EF005A332B /* UIImage+Common.m */,
				58883C7F1E9DF4AD005A332B /* UIView+Addition.h */,
				58883C801E9DF4AD005A332B /* UIView+Addition.m */,
			);
			path = support;
			sourceTree = "<group>";
		};
		58883C821E9DF6EB005A332B /* Vendors */ = {
			isa = PBXGroup;
			children = (
				58883CD11E9E4331005A332B /* Masonry */,
				58883C831E9DF6F4005A332B /* SDWebImage */,
			);
			path = Vendors;
			sourceTree = "<group>";
		};
		58883C831E9DF6F4005A332B /* SDWebImage */ = {
			isa = PBXGroup;
			children = (
				58883C841E9DF6F4005A332B /* FLAnimatedImage */,
				58883C871E9DF6F4005A332B /* MKAnnotationView+WebCache.h */,
				58883C881E9DF6F4005A332B /* MKAnnotationView+WebCache.m */,
				58883C891E9DF6F4005A332B /* NSData+ImageContentType.h */,
				58883C8A1E9DF6F4005A332B /* NSData+ImageContentType.m */,
				58883C8B1E9DF6F4005A332B /* NSImage+WebCache.h */,
				58883C8C1E9DF6F4005A332B /* NSImage+WebCache.m */,
				58883C8D1E9DF6F4005A332B /* SDImageCache.h */,
				58883C8E1E9DF6F4005A332B /* SDImageCache.m */,
				58883C8F1E9DF6F4005A332B /* SDImageCacheConfig.h */,
				58883C901E9DF6F4005A332B /* SDImageCacheConfig.m */,
				58883C911E9DF6F4005A332B /* SDWebImageCompat.h */,
				58883C921E9DF6F4005A332B /* SDWebImageCompat.m */,
				58883C931E9DF6F4005A332B /* SDWebImageDecoder.h */,
				58883C941E9DF6F4005A332B /* SDWebImageDecoder.m */,
				58883C951E9DF6F4005A332B /* SDWebImageDownloader.h */,
				58883C961E9DF6F4005A332B /* SDWebImageDownloader.m */,
				58883C971E9DF6F4005A332B /* SDWebImageDownloaderOperation.h */,
				58883C981E9DF6F4005A332B /* SDWebImageDownloaderOperation.m */,
				58883C991E9DF6F4005A332B /* SDWebImageManager.h */,
				58883C9A1E9DF6F4005A332B /* SDWebImageManager.m */,
				58883C9B1E9DF6F4005A332B /* SDWebImageOperation.h */,
				58883C9C1E9DF6F4005A332B /* SDWebImagePrefetcher.h */,
				58883C9D1E9DF6F4005A332B /* SDWebImagePrefetcher.m */,
				58883C9E1E9DF6F4005A332B /* UIButton+WebCache.h */,
				58883C9F1E9DF6F4005A332B /* UIButton+WebCache.m */,
				58883CA01E9DF6F4005A332B /* UIImage+GIF.h */,
				58883CA11E9DF6F4005A332B /* UIImage+GIF.m */,
				58883CA21E9DF6F4005A332B /* UIImage+MultiFormat.h */,
				58883CA31E9DF6F4005A332B /* UIImage+MultiFormat.m */,
				58883CA41E9DF6F4005A332B /* UIImage+WebP.h */,
				58883CA51E9DF6F4005A332B /* UIImage+WebP.m */,
				58883CA61E9DF6F4005A332B /* UIImageView+HighlightedWebCache.h */,
				58883CA71E9DF6F4005A332B /* UIImageView+HighlightedWebCache.m */,
				58883CA81E9DF6F4005A332B /* UIImageView+WebCache.h */,
				58883CA91E9DF6F4005A332B /* UIImageView+WebCache.m */,
				58883CAA1E9DF6F4005A332B /* UIView+WebCache.h */,
				58883CAB1E9DF6F4005A332B /* UIView+WebCache.m */,
				58883CAC1E9DF6F4005A332B /* UIView+WebCacheOperation.h */,
				58883CAD1E9DF6F4005A332B /* UIView+WebCacheOperation.m */,
			);
			path = SDWebImage;
			sourceTree = "<group>";
		};
		58883C841E9DF6F4005A332B /* FLAnimatedImage */ = {
			isa = PBXGroup;
			children = (
				58883CC21E9DF8A5005A332B /* FLAnimatedImage */,
				58883C851E9DF6F4005A332B /* FLAnimatedImageView+WebCache.h */,
				58883C861E9DF6F4005A332B /* FLAnimatedImageView+WebCache.m */,
			);
			path = FLAnimatedImage;
			sourceTree = "<group>";
		};
		58883CC21E9DF8A5005A332B /* FLAnimatedImage */ = {
			isa = PBXGroup;
			children = (
				58883CC31E9DF8A5005A332B /* FLAnimatedImage.h */,
				58883CC41E9DF8A5005A332B /* FLAnimatedImage.m */,
				58883CC51E9DF8A5005A332B /* FLAnimatedImageView.h */,
				58883CC61E9DF8A5005A332B /* FLAnimatedImageView.m */,
				58883CC71E9DF8A5005A332B /* Info.plist */,
			);
			path = FLAnimatedImage;
			sourceTree = "<group>";
		};
		58883CD11E9E4331005A332B /* Masonry */ = {
			isa = PBXGroup;
			children = (
				58883CD21E9E4331005A332B /* Info.plist */,
				58883CD31E9E4331005A332B /* MASCompositeConstraint.h */,
				58883CD41E9E4331005A332B /* MASCompositeConstraint.m */,
				58883CD51E9E4331005A332B /* MASConstraint+Private.h */,
				58883CD61E9E4331005A332B /* MASConstraint.h */,
				58883CD71E9E4331005A332B /* MASConstraint.m */,
				58883CD81E9E4331005A332B /* MASConstraintMaker.h */,
				58883CD91E9E4331005A332B /* MASConstraintMaker.m */,
				58883CDA1E9E4331005A332B /* MASLayoutConstraint.h */,
				58883CDB1E9E4331005A332B /* MASLayoutConstraint.m */,
				58883CDC1E9E4331005A332B /* Masonry.h */,
				58883CDD1E9E4331005A332B /* MASUtilities.h */,
				58883CDE1E9E4331005A332B /* MASViewAttribute.h */,
				58883CDF1E9E4331005A332B /* MASViewAttribute.m */,
				58883CE01E9E4331005A332B /* MASViewConstraint.h */,
				58883CE11E9E4331005A332B /* MASViewConstraint.m */,
				58883CE21E9E4331005A332B /* NSArray+MASAdditions.h */,
				58883CE31E9E4331005A332B /* NSArray+MASAdditions.m */,
				58883CE41E9E4331005A332B /* NSArray+MASShorthandAdditions.h */,
				58883CE51E9E4331005A332B /* NSLayoutConstraint+MASDebugAdditions.h */,
				58883CE61E9E4331005A332B /* NSLayoutConstraint+MASDebugAdditions.m */,
				58883CE71E9E4331005A332B /* View+MASAdditions.h */,
				58883CE81E9E4331005A332B /* View+MASAdditions.m */,
				58883CE91E9E4331005A332B /* View+MASShorthandAdditions.h */,
				58883CEA1E9E4331005A332B /* ViewController+MASAdditions.h */,
				58883CEB1E9E4331005A332B /* ViewController+MASAdditions.m */,
			);
			path = Masonry;
			sourceTree = "<group>";
		};
/* End PBXGroup section */

/* Begin PBXNativeTarget section */
		58883C421E9DD8E0005A332B /* ZKCarouselViewDemo */ = {
			isa = PBXNativeTarget;
			buildConfigurationList = 58883C701E9DD8E1005A332B /* Build configuration list for PBXNativeTarget "ZKCarouselViewDemo" */;
			buildPhases = (
				58883C3F1E9DD8E0005A332B /* Sources */,
				58883C401E9DD8E0005A332B /* Frameworks */,
				58883C411E9DD8E0005A332B /* Resources */,
			);
			buildRules = (
			);
			dependencies = (
			);
			name = ZKCarouselViewDemo;
			productName = ZKCarouselViewDemo;
			productReference = 58883C431E9DD8E0005A332B /* ZKCarouselViewDemo.app */;
			productType = "com.apple.product-type.application";
		};
		58883C5B1E9DD8E0005A332B /* ZKCarouselViewDemoTests */ = {
			isa = PBXNativeTarget;
			buildConfigurationList = 58883C731E9DD8E1005A332B /* Build configuration list for PBXNativeTarget "ZKCarouselViewDemoTests" */;
			buildPhases = (
				58883C581E9DD8E0005A332B /* Sources */,
				58883C591E9DD8E0005A332B /* Frameworks */,
				58883C5A1E9DD8E0005A332B /* Resources */,
			);
			buildRules = (
			);
			dependencies = (
				58883C5E1E9DD8E0005A332B /* PBXTargetDependency */,
			);
			name = ZKCarouselViewDemoTests;
			productName = ZKCarouselViewDemoTests;
			productReference = 58883C5C1E9DD8E0005A332B /* ZKCarouselViewDemoTests.xctest */;
			productType = "com.apple.product-type.bundle.unit-test";
		};
		58883C661E9DD8E0005A332B /* ZKCarouselViewDemoUITests */ = {
			isa = PBXNativeTarget;
			buildConfigurationList = 58883C761E9DD8E1005A332B /* Build configuration list for PBXNativeTarget "ZKCarouselViewDemoUITests" */;
			buildPhases = (
				58883C631E9DD8E0005A332B /* Sources */,
				58883C641E9DD8E0005A332B /* Frameworks */,
				58883C651E9DD8E0005A332B /* Resources */,
			);
			buildRules = (
			);
			dependencies = (
				58883C691E9DD8E0005A332B /* PBXTargetDependency */,
			);
			name = ZKCarouselViewDemoUITests;
			productName = ZKCarouselViewDemoUITests;
			productReference = 58883C671E9DD8E0005A332B /* ZKCarouselViewDemoUITests.xctest */;
			productType = "com.apple.product-type.bundle.ui-testing";
		};
/* End PBXNativeTarget section */

/* Begin PBXProject section */
		58883C3B1E9DD8E0005A332B /* Project object */ = {
			isa = PBXProject;
			attributes = {
				LastUpgradeCheck = 0830;
				ORGANIZATIONNAME = ZK;
				TargetAttributes = {
					58883C421E9DD8E0005A332B = {
						CreatedOnToolsVersion = 8.3;
						DevelopmentTeam = 9S49W485R2;
						ProvisioningStyle = Automatic;
					};
					58883C5B1E9DD8E0005A332B = {
						CreatedOnToolsVersion = 8.3;
						DevelopmentTeam = 9S49W485R2;
						ProvisioningStyle = Automatic;
						TestTargetID = 58883C421E9DD8E0005A332B;
					};
					58883C661E9DD8E0005A332B = {
						CreatedOnToolsVersion = 8.3;
						DevelopmentTeam = 9S49W485R2;
						ProvisioningStyle = Automatic;
						TestTargetID = 58883C421E9DD8E0005A332B;
					};
				};
			};
			buildConfigurationList = 58883C3E1E9DD8E0005A332B /* Build configuration list for PBXProject "ZKCarouselViewDemo" */;
			compatibilityVersion = "Xcode 3.2";
			developmentRegion = English;
			hasScannedForEncodings = 0;
			knownRegions = (
				en,
				Base,
			);
			mainGroup = 58883C3A1E9DD8E0005A332B;
			productRefGroup = 58883C441E9DD8E0005A332B /* Products */;
			projectDirPath = "";
			projectRoot = "";
			targets = (
				58883C421E9DD8E0005A332B /* ZKCarouselViewDemo */,
				58883C5B1E9DD8E0005A332B /* ZKCarouselViewDemoTests */,
				58883C661E9DD8E0005A332B /* ZKCarouselViewDemoUITests */,
			);
		};
/* End PBXProject section */

/* Begin PBXResourcesBuildPhase section */
		58883C411E9DD8E0005A332B /* Resources */ = {
			isa = PBXResourcesBuildPhase;
			buildActionMask = 2147483647;
			files = (
				58883CEC1E9E4331005A332B /* Info.plist in Resources */,
				58883C561E9DD8E0005A332B /* LaunchScreen.storyboard in Resources */,
				58883C531E9DD8E0005A332B /* Assets.xcassets in Resources */,
				58883CCA1E9DF8A5005A332B /* Info.plist in Resources */,
			);
			runOnlyForDeploymentPostprocessing = 0;
		};
		58883C5A1E9DD8E0005A332B /* Resources */ = {
			isa = PBXResourcesBuildPhase;
			buildActionMask = 2147483647;
			files = (
			);
			runOnlyForDeploymentPostprocessing = 0;
		};
		58883C651E9DD8E0005A332B /* Resources */ = {
			isa = PBXResourcesBuildPhase;
			buildActionMask = 2147483647;
			files = (
			);
			runOnlyForDeploymentPostprocessing = 0;
		};
/* End PBXResourcesBuildPhase section */

/* Begin PBXSourcesBuildPhase section */
		58883C3F1E9DD8E0005A332B /* Sources */ = {
			isa = PBXSourcesBuildPhase;
			buildActionMask = 2147483647;
			files = (
				58883CB51E9DF6F4005A332B /* SDWebImageDecoder.m in Sources */,
				58883CB81E9DF6F4005A332B /* SDWebImageManager.m in Sources */,
				58883CC01E9DF6F4005A332B /* UIView+WebCache.m in Sources */,
				58883CB31E9DF6F4005A332B /* SDImageCacheConfig.m in Sources */,
				58883CD01E9E41EF005A332B /* UIImage+Common.m in Sources */,
				58883CF51E9E4331005A332B /* View+MASAdditions.m in Sources */,
				58883CB41E9DF6F4005A332B /* SDWebImageCompat.m in Sources */,
				58883CBD1E9DF6F4005A332B /* UIImage+WebP.m in Sources */,
				58883CF31E9E4331005A332B /* NSArray+MASAdditions.m in Sources */,
				58883C4E1E9DD8E0005A332B /* ViewController.m in Sources */,
				58883CF61E9E4331005A332B /* ViewController+MASAdditions.m in Sources */,
				58883CBE1E9DF6F4005A332B /* UIImageView+HighlightedWebCache.m in Sources */,
				58883CED1E9E4331005A332B /* MASCompositeConstraint.m in Sources */,
				58883CF41E9E4331005A332B /* NSLayoutConstraint+MASDebugAdditions.m in Sources */,
				58883C811E9DF4AD005A332B /* UIView+Addition.m in Sources */,
				58883CB01E9DF6F4005A332B /* NSData+ImageContentType.m in Sources */,
				58883CBA1E9DF6F4005A332B /* UIButton+WebCache.m in Sources */,
				58883CC91E9DF8A5005A332B /* FLAnimatedImageView.m in Sources */,
				58883CEE1E9E4331005A332B /* MASConstraint.m in Sources */,
				58883CB91E9DF6F4005A332B /* SDWebImagePrefetcher.m in Sources */,
				58883CC11E9DF6F4005A332B /* UIView+WebCacheOperation.m in Sources */,
				58883CB71E9DF6F4005A332B /* SDWebImageDownloaderOperation.m in Sources */,
				58883C4B1E9DD8E0005A332B /* AppDelegate.m in Sources */,
				58883CEF1E9E4331005A332B /* MASConstraintMaker.m in Sources */,
				58883CF01E9E4331005A332B /* MASLayoutConstraint.m in Sources */,
				58883C481E9DD8E0005A332B /* main.m in Sources */,
				58883CBC1E9DF6F4005A332B /* UIImage+MultiFormat.m in Sources */,
				58883CF21E9E4331005A332B /* MASViewConstraint.m in Sources */,
				58883CF11E9E4331005A332B /* MASViewAttribute.m in Sources */,
				58883CAF1E9DF6F4005A332B /* MKAnnotationView+WebCache.m in Sources */,
				58883C7C1E9DF389005A332B /* ZKCarouselView.m in Sources */,
				58883CAE1E9DF6F4005A332B /* FLAnimatedImageView+WebCache.m in Sources */,
				58883CB11E9DF6F4005A332B /* NSImage+WebCache.m in Sources */,
				58883CBB1E9DF6F4005A332B /* UIImage+GIF.m in Sources */,
				58883CC81E9DF8A5005A332B /* FLAnimatedImage.m in Sources */,
				58883CB61E9DF6F4005A332B /* SDWebImageDownloader.m in Sources */,
				58883CBF1E9DF6F4005A332B /* UIImageView+WebCache.m in Sources */,
				58883CB21E9DF6F4005A332B /* SDImageCache.m in Sources */,
			);
			runOnlyForDeploymentPostprocessing = 0;
		};
		58883C581E9DD8E0005A332B /* Sources */ = {
			isa = PBXSourcesBuildPhase;
			buildActionMask = 2147483647;
			files = (
				58883C611E9DD8E0005A332B /* ZKCarouselViewDemoTests.m in Sources */,
			);
			runOnlyForDeploymentPostprocessing = 0;
		};
		58883C631E9DD8E0005A332B /* Sources */ = {
			isa = PBXSourcesBuildPhase;
			buildActionMask = 2147483647;
			files = (
				58883C6C1E9DD8E1005A332B /* ZKCarouselViewDemoUITests.m in Sources */,
			);
			runOnlyForDeploymentPostprocessing = 0;
		};
/* End PBXSourcesBuildPhase section */

/* Begin PBXTargetDependency section */
		58883C5E1E9DD8E0005A332B /* PBXTargetDependency */ = {
			isa = PBXTargetDependency;
			target = 58883C421E9DD8E0005A332B /* ZKCarouselViewDemo */;
			targetProxy = 58883C5D1E9DD8E0005A332B /* PBXContainerItemProxy */;
		};
		58883C691E9DD8E0005A332B /* PBXTargetDependency */ = {
			isa = PBXTargetDependency;
			target = 58883C421E9DD8E0005A332B /* ZKCarouselViewDemo */;
			targetProxy = 58883C681E9DD8E0005A332B /* PBXContainerItemProxy */;
		};
/* End PBXTargetDependency section */

/* Begin PBXVariantGroup section */
		58883C541E9DD8E0005A332B /* LaunchScreen.storyboard */ = {
			isa = PBXVariantGroup;
			children = (
				58883C551E9DD8E0005A332B /* Base */,
			);
			name = LaunchScreen.storyboard;
			sourceTree = "<group>";
		};
/* End PBXVariantGroup section */

/* Begin XCBuildConfiguration section */
		58883C6E1E9DD8E1005A332B /* Debug */ = {
			isa = XCBuildConfiguration;
			buildSettings = {
				ALWAYS_SEARCH_USER_PATHS = NO;
				CLANG_ANALYZER_NONNULL = YES;
				CLANG_ANALYZER_NUMBER_OBJECT_CONVERSION = YES_AGGRESSIVE;
				CLANG_CXX_LANGUAGE_STANDARD = "gnu++0x";
				CLANG_CXX_LIBRARY = "libc++";
				CLANG_ENABLE_MODULES = YES;
				CLANG_ENABLE_OBJC_ARC = YES;
				CLANG_WARN_BOOL_CONVERSION = YES;
				CLANG_WARN_CONSTANT_CONVERSION = YES;
				CLANG_WARN_DIRECT_OBJC_ISA_USAGE = YES_ERROR;
				CLANG_WARN_DOCUMENTATION_COMMENTS = YES;
				CLANG_WARN_EMPTY_BODY = YES;
				CLANG_WARN_ENUM_CONVERSION = YES;
				CLANG_WARN_INFINITE_RECURSION = YES;
				CLANG_WARN_INT_CONVERSION = YES;
				CLANG_WARN_OBJC_ROOT_CLASS = YES_ERROR;
				CLANG_WARN_SUSPICIOUS_MOVE = YES;
				CLANG_WARN_UNREACHABLE_CODE = YES;
				CLANG_WARN__DUPLICATE_METHOD_MATCH = YES;
				"CODE_SIGN_IDENTITY[sdk=iphoneos*]" = "iPhone Developer";
				COPY_PHASE_STRIP = NO;
				DEBUG_INFORMATION_FORMAT = dwarf;
				ENABLE_STRICT_OBJC_MSGSEND = YES;
				ENABLE_TESTABILITY = YES;
				GCC_C_LANGUAGE_STANDARD = gnu99;
				GCC_DYNAMIC_NO_PIC = NO;
				GCC_NO_COMMON_BLOCKS = YES;
				GCC_OPTIMIZATION_LEVEL = 0;
				GCC_PREPROCESSOR_DEFINITIONS = (
					"DEBUG=1",
					"$(inherited)",
				);
				GCC_WARN_64_TO_32_BIT_CONVERSION = YES;
				GCC_WARN_ABOUT_RETURN_TYPE = YES_ERROR;
				GCC_WARN_UNDECLARED_SELECTOR = YES;
				GCC_WARN_UNINITIALIZED_AUTOS = YES_AGGRESSIVE;
				GCC_WARN_UNUSED_FUNCTION = YES;
				GCC_WARN_UNUSED_VARIABLE = YES;
				IPHONEOS_DEPLOYMENT_TARGET = 8.0;
				MTL_ENABLE_DEBUG_INFO = YES;
				ONLY_ACTIVE_ARCH = YES;
				SDKROOT = iphoneos;
				TARGETED_DEVICE_FAMILY = "1,2";
			};
			name = Debug;
		};
		58883C6F1E9DD8E1005A332B /* Release */ = {
			isa = XCBuildConfiguration;
			buildSettings = {
				ALWAYS_SEARCH_USER_PATHS = NO;
				CLANG_ANALYZER_NONNULL = YES;
				CLANG_ANALYZER_NUMBER_OBJECT_CONVERSION = YES_AGGRESSIVE;
				CLANG_CXX_LANGUAGE_STANDARD = "gnu++0x";
				CLANG_CXX_LIBRARY = "libc++";
				CLANG_ENABLE_MODULES = YES;
				CLANG_ENABLE_OBJC_ARC = YES;
				CLANG_WARN_BOOL_CONVERSION = YES;
				CLANG_WARN_CONSTANT_CONVERSION = YES;
				CLANG_WARN_DIRECT_OBJC_ISA_USAGE = YES_ERROR;
				CLANG_WARN_DOCUMENTATION_COMMENTS = YES;
				CLANG_WARN_EMPTY_BODY = YES;
				CLANG_WARN_ENUM_CONVERSION = YES;
				CLANG_WARN_INFINITE_RECURSION = YES;
				CLANG_WARN_INT_CONVERSION = YES;
				CLANG_WARN_OBJC_ROOT_CLASS = YES_ERROR;
				CLANG_WARN_SUSPICIOUS_MOVE = YES;
				CLANG_WARN_UNREACHABLE_CODE = YES;
				CLANG_WARN__DUPLICATE_METHOD_MATCH = YES;
				"CODE_SIGN_IDENTITY[sdk=iphoneos*]" = "iPhone Developer";
				COPY_PHASE_STRIP = NO;
				DEBUG_INFORMATION_FORMAT = "dwarf-with-dsym";
				ENABLE_NS_ASSERTIONS = NO;
				ENABLE_STRICT_OBJC_MSGSEND = YES;
				GCC_C_LANGUAGE_STANDARD = gnu99;
				GCC_NO_COMMON_BLOCKS = YES;
				GCC_WARN_64_TO_32_BIT_CONVERSION = YES;
				GCC_WARN_ABOUT_RETURN_TYPE = YES_ERROR;
				GCC_WARN_UNDECLARED_SELECTOR = YES;
				GCC_WARN_UNINITIALIZED_AUTOS = YES_AGGRESSIVE;
				GCC_WARN_UNUSED_FUNCTION = YES;
				GCC_WARN_UNUSED_VARIABLE = YES;
				IPHONEOS_DEPLOYMENT_TARGET = 8.0;
				MTL_ENABLE_DEBUG_INFO = NO;
				SDKROOT = iphoneos;
				TARGETED_DEVICE_FAMILY = "1,2";
				VALIDATE_PRODUCT = YES;
			};
			name = Release;
		};
		58883C711E9DD8E1005A332B /* Debug */ = {
			isa = XCBuildConfiguration;
			buildSettings = {
				ASSETCATALOG_COMPILER_APPICON_NAME = AppIcon;
				DEVELOPMENT_TEAM = 9S49W485R2;
				INFOPLIST_FILE = ZKCarouselViewDemo/Info.plist;
				LD_RUNPATH_SEARCH_PATHS = "$(inherited) @executable_path/Frameworks";
				PRODUCT_BUNDLE_IDENTIFIER = com.zk.ZKCarouselViewDemo;
				PRODUCT_NAME = "$(TARGET_NAME)";
			};
			name = Debug;
		};
		58883C721E9DD8E1005A332B /* Release */ = {
			isa = XCBuildConfiguration;
			buildSettings = {
				ASSETCATALOG_COMPILER_APPICON_NAME = AppIcon;
				DEVELOPMENT_TEAM = 9S49W485R2;
				INFOPLIST_FILE = ZKCarouselViewDemo/Info.plist;
				LD_RUNPATH_SEARCH_PATHS = "$(inherited) @executable_path/Frameworks";
				PRODUCT_BUNDLE_IDENTIFIER = com.zk.ZKCarouselViewDemo;
				PRODUCT_NAME = "$(TARGET_NAME)";
			};
			name = Release;
		};
		58883C741E9DD8E1005A332B /* Debug */ = {
			isa = XCBuildConfiguration;
			buildSettings = {
				BUNDLE_LOADER = "$(TEST_HOST)";
				DEVELOPMENT_TEAM = 9S49W485R2;
				INFOPLIST_FILE = ZKCarouselViewDemoTests/Info.plist;
				LD_RUNPATH_SEARCH_PATHS = "$(inherited) @executable_path/Frameworks @loader_path/Frameworks";
				PRODUCT_BUNDLE_IDENTIFIER = com.zk.ZKCarouselViewDemoTests;
				PRODUCT_NAME = "$(TARGET_NAME)";
				TEST_HOST = "$(BUILT_PRODUCTS_DIR)/ZKCarouselViewDemo.app/ZKCarouselViewDemo";
			};
			name = Debug;
		};
		58883C751E9DD8E1005A332B /* Release */ = {
			isa = XCBuildConfiguration;
			buildSettings = {
				BUNDLE_LOADER = "$(TEST_HOST)";
				DEVELOPMENT_TEAM = 9S49W485R2;
				INFOPLIST_FILE = ZKCarouselViewDemoTests/Info.plist;
				LD_RUNPATH_SEARCH_PATHS = "$(inherited) @executable_path/Frameworks @loader_path/Frameworks";
				PRODUCT_BUNDLE_IDENTIFIER = com.zk.ZKCarouselViewDemoTests;
				PRODUCT_NAME = "$(TARGET_NAME)";
				TEST_HOST = "$(BUILT_PRODUCTS_DIR)/ZKCarouselViewDemo.app/ZKCarouselViewDemo";
			};
			name = Release;
		};
		58883C771E9DD8E1005A332B /* Debug */ = {
			isa = XCBuildConfiguration;
			buildSettings = {
				DEVELOPMENT_TEAM = 9S49W485R2;
				INFOPLIST_FILE = ZKCarouselViewDemoUITests/Info.plist;
				LD_RUNPATH_SEARCH_PATHS = "$(inherited) @executable_path/Frameworks @loader_path/Frameworks";
				PRODUCT_BUNDLE_IDENTIFIER = com.zk.ZKCarouselViewDemoUITests;
				PRODUCT_NAME = "$(TARGET_NAME)";
				TEST_TARGET_NAME = ZKCarouselViewDemo;
			};
			name = Debug;
		};
		58883C781E9DD8E1005A332B /* Release */ = {
			isa = XCBuildConfiguration;
			buildSettings = {
				DEVELOPMENT_TEAM = 9S49W485R2;
				INFOPLIST_FILE = ZKCarouselViewDemoUITests/Info.plist;
				LD_RUNPATH_SEARCH_PATHS = "$(inherited) @executable_path/Frameworks @loader_path/Frameworks";
				PRODUCT_BUNDLE_IDENTIFIER = com.zk.ZKCarouselViewDemoUITests;
				PRODUCT_NAME = "$(TARGET_NAME)";
				TEST_TARGET_NAME = ZKCarouselViewDemo;
			};
			name = Release;
		};
/* End XCBuildConfiguration section */

/* Begin XCConfigurationList section */
		58883C3E1E9DD8E0005A332B /* Build configuration list for PBXProject "ZKCarouselViewDemo" */ = {
			isa = XCConfigurationList;
			buildConfigurations = (
				58883C6E1E9DD8E1005A332B /* Debug */,
				58883C6F1E9DD8E1005A332B /* Release */,
			);
			defaultConfigurationIsVisible = 0;
			defaultConfigurationName = Release;
		};
		58883C701E9DD8E1005A332B /* Build configuration list for PBXNativeTarget "ZKCarouselViewDemo" */ = {
			isa = XCConfigurationList;
			buildConfigurations = (
				58883C711E9DD8E1005A332B /* Debug */,
				58883C721E9DD8E1005A332B /* Release */,
			);
			defaultConfigurationIsVisible = 0;
			defaultConfigurationName = Release;
		};
		58883C731E9DD8E1005A332B /* Build configuration list for PBXNativeTarget "ZKCarouselViewDemoTests" */ = {
			isa = XCConfigurationList;
			buildConfigurations = (
				58883C741E9DD8E1005A332B /* Debug */,
				58883C751E9DD8E1005A332B /* Release */,
			);
			defaultConfigurationIsVisible = 0;
			defaultConfigurationName = Release;
		};
		58883C761E9DD8E1005A332B /* Build configuration list for PBXNativeTarget "ZKCarouselViewDemoUITests" */ = {
			isa = XCConfigurationList;
			buildConfigurations = (
				58883C771E9DD8E1005A332B /* Debug */,
				58883C781E9DD8E1005A332B /* Release */,
			);
			defaultConfigurationIsVisible = 0;
			defaultConfigurationName = Release;
		};
/* End XCConfigurationList section */
	};
	rootObject = 58883C3B1E9DD8E0005A332B /* Project object */;
}
